
Microsoft Visual Studio Solution File, Format Version 12.00
# Visual Studio Version 16
VisualStudioVersion = 16.0.30517.126
MinimumVisualStudioVersion = 10.0.40219.1
Project("{2150E333-8FDC-42A3-9474-1A3956D46DE8}") = "01 - Testes de Unidade", "01 - Testes de Unidade", "{8CE69FEB-C50A-4978-8306-8A1B2BDDEA6E}"
EndProject
Project("{2150E333-8FDC-42A3-9474-1A3956D46DE8}") = "1.1 - Testes Básicos", "1.1 - Testes Básicos", "{23BBFED4-8ED1-438D-A168-2378CF85FE6F}"
EndProject
Project("{9A19103F-16F7-4668-BE54-9A1E7A4F7556}") = "Demo", "01-Testes de Unidade\Demo\Demo.csproj", "{25295A74-A179-4B60-83ED-6B306DE84158}"
EndProject
Project("{9A19103F-16F7-4668-BE54-9A1E7A4F7556}") = "Demo.Tests", "01-Testes de Unidade\Demo.Tests\Demo.Tests.csproj", "{BF6F0E4D-CC21-45BA-8FE6-765AF7333EC0}"
EndProject
Project("{2150E333-8FDC-42A3-9474-1A3956D46DE8}") = "1.2 - Features", "1.2 - Features", "{D46BA32F-8D4B-4704-9EAF-6688A905ECD8}"
EndProject
Project("{9A19103F-16F7-4668-BE54-9A1E7A4F7556}") = "Features", "01-Testes de Unidade\Features\Features.csproj", "{CC982F59-4E26-4FFC-8723-689C42067D97}"
EndProject
Project("{9A19103F-16F7-4668-BE54-9A1E7A4F7556}") = "Features.Tests", "01-Testes de Unidade\Features.Tests\Features.Tests.csproj", "{53571906-9708-4D6D-A640-A80B3631D057}"
EndProject
Project("{2150E333-8FDC-42A3-9474-1A3956D46DE8}") = "02 - TDD", "02 - TDD", "{7F2440C4-6384-406D-8AF9-CE3D62F8DE0D}"
EndProject
Project("{2150E333-8FDC-42A3-9474-1A3956D46DE8}") = "Tests", "Tests", "{8E7D1364-6A69-4A67-A75F-B930333ED693}"
EndProject
Project("{9A19103F-16F7-4668-BE54-9A1E7A4F7556}") = "NerdStore.Vendas.Application.Tests", "02-TDD\tests\NerdStore.Vendas.Application.Tests\NerdStore.Vendas.Application.Tests.csproj", "{3794FBD0-3068-4344-9B79-2BEFFB00AEA0}"
EndProject
Project("{9A19103F-16F7-4668-BE54-9A1E7A4F7556}") = "NerdStore.Vendas.Domain.Tests", "02-TDD\tests\NerdStore.Vendas.Domain.Tests\NerdStore.Vendas.Domain.Tests.csproj", "{266C270C-0A36-4765-ABA4-F40F6AC61966}"
EndProject
Project("{9A19103F-16F7-4668-BE54-9A1E7A4F7556}") = "NerdStore.Vendas.Domain", "02-TDD\src\NerdStore.Vendas.Domain\NerdStore.Vendas.Domain.csproj", "{979FAD97-9F56-4888-B72F-7F342A784616}"
EndProject
Project("{9A19103F-16F7-4668-BE54-9A1E7A4F7556}") = "NerdStore.Core", "02-TDD\src\NerdStore.Core\NerdStore.Core.csproj", "{1F9EEA9F-74EB-4B1B-BF7E-C847B1F3BF92}"
EndProject
Project("{9A19103F-16F7-4668-BE54-9A1E7A4F7556}") = "NerdStore.Vendas.Application", "02-TDD\src\NerdStore.Vendas.Application\NerdStore.Vendas.Application.csproj", "{AFF14679-46F7-45BD-892D-F881BB5A0AA8}"
EndProject
Project("{9A19103F-16F7-4668-BE54-9A1E7A4F7556}") = "NerdStore.Vendas.Data", "02-TDD\src\NerdStore.Vendas.Data\NerdStore.Vendas.Data.csproj", "{A658F69D-3732-4ABB-984B-669495B167E9}"
EndProject
Project("{2150E333-8FDC-42A3-9474-1A3956D46DE8}") = "03 - Testes de Integração", "03 - Testes de Integração", "{0EB29E4D-FD01-4EBB-A729-36441D4559E6}"
EndProject
Project("{2150E333-8FDC-42A3-9474-1A3956D46DE8}") = "Integration Tests", "Integration Tests", "{436D7243-5569-4C62-923A-E2F67FA2B5F5}"
EndProject
Project("{9A19103F-16F7-4668-BE54-9A1E7A4F7556}") = "NerdStore.WebApp.Tests", "03-Testes de Integracao\tests\NerdStore.WebApp.Tests\NerdStore.WebApp.Tests.csproj", "{88784C0D-3352-46A9-BD79-6F7400DC0DA5}"
EndProject
Project("{9A19103F-16F7-4668-BE54-9A1E7A4F7556}") = "NerdStore.Catalogo.Application", "03-Testes de Integracao\src\NerdStore.Catalogo.Application\NerdStore.Catalogo.Application.csproj", "{1D3C44DA-B361-4242-A86E-E04006AA3C58}"
EndProject
Project("{9A19103F-16F7-4668-BE54-9A1E7A4F7556}") = "NerdStore.Catalogo.Data", "03-Testes de Integracao\src\NerdStore.Catalogo.Data\NerdStore.Catalogo.Data.csproj", "{C16059C8-7FF7-4196-9D9D-A60103EF19B7}"
EndProject
Project("{9A19103F-16F7-4668-BE54-9A1E7A4F7556}") = "NerdStore.Catalogo.Domain", "03-Testes de Integracao\src\NerdStore.Catalogo.Domain\NerdStore.Catalogo.Domain.csproj", "{2D92C5F4-EBC6-444C-B4F5-35BF511055BC}"
EndProject
Project("{9A19103F-16F7-4668-BE54-9A1E7A4F7556}") = "NerdStore.WebApp.MVC", "03-Testes de Integracao\src\NerdStore.WebApp.MVC\NerdStore.WebApp.MVC.csproj", "{762EA2FA-3F9A-439A-922D-CDBD987AAEAC}"
EndProject
Project("{2150E333-8FDC-42A3-9474-1A3956D46DE8}") = "04 - BDD", "04 - BDD", "{47ACD919-E31D-407B-84F3-27B15F4E8BC5}"
EndProject
Project("{FAE04EC0-301F-11D3-BF4B-00C04F79EFBC}") = "NerdStore.BDD.Tests", "04-BDD\NerdStore.BDD.Tests\NerdStore.BDD.Tests.csproj", "{E28CB996-430A-410E-86DF-B30F026D5C16}"
EndProject
Global
	GlobalSection(SolutionConfigurationPlatforms) = preSolution
		Debug|Any CPU = Debug|Any CPU
		Release|Any CPU = Release|Any CPU
	EndGlobalSection
	GlobalSection(ProjectConfigurationPlatforms) = postSolution
		{25295A74-A179-4B60-83ED-6B306DE84158}.Debug|Any CPU.ActiveCfg = Debug|Any CPU
		{25295A74-A179-4B60-83ED-6B306DE84158}.Debug|Any CPU.Build.0 = Debug|Any CPU
		{25295A74-A179-4B60-83ED-6B306DE84158}.Release|Any CPU.ActiveCfg = Release|Any CPU
		{25295A74-A179-4B60-83ED-6B306DE84158}.Release|Any CPU.Build.0 = Release|Any CPU
		{BF6F0E4D-CC21-45BA-8FE6-765AF7333EC0}.Debug|Any CPU.ActiveCfg = Debug|Any CPU
		{BF6F0E4D-CC21-45BA-8FE6-765AF7333EC0}.Debug|Any CPU.Build.0 = Debug|Any CPU
		{BF6F0E4D-CC21-45BA-8FE6-765AF7333EC0}.Release|Any CPU.ActiveCfg = Release|Any CPU
		{BF6F0E4D-CC21-45BA-8FE6-765AF7333EC0}.Release|Any CPU.Build.0 = Release|Any CPU
		{CC982F59-4E26-4FFC-8723-689C42067D97}.Debug|Any CPU.ActiveCfg = Debug|Any CPU
		{CC982F59-4E26-4FFC-8723-689C42067D97}.Debug|Any CPU.Build.0 = Debug|Any CPU
		{CC982F59-4E26-4FFC-8723-689C42067D97}.Release|Any CPU.ActiveCfg = Release|Any CPU
		{CC982F59-4E26-4FFC-8723-689C42067D97}.Release|Any CPU.Build.0 = Release|Any CPU
		{53571906-9708-4D6D-A640-A80B3631D057}.Debug|Any CPU.ActiveCfg = Debug|Any CPU
		{53571906-9708-4D6D-A640-A80B3631D057}.Debug|Any CPU.Build.0 = Debug|Any CPU
		{53571906-9708-4D6D-A640-A80B3631D057}.Release|Any CPU.ActiveCfg = Release|Any CPU
		{53571906-9708-4D6D-A640-A80B3631D057}.Release|Any CPU.Build.0 = Release|Any CPU
		{3794FBD0-3068-4344-9B79-2BEFFB00AEA0}.Debug|Any CPU.ActiveCfg = Debug|Any CPU
		{3794FBD0-3068-4344-9B79-2BEFFB00AEA0}.Debug|Any CPU.Build.0 = Debug|Any CPU
		{3794FBD0-3068-4344-9B79-2BEFFB00AEA0}.Release|Any CPU.ActiveCfg = Release|Any CPU
		{3794FBD0-3068-4344-9B79-2BEFFB00AEA0}.Release|Any CPU.Build.0 = Release|Any CPU
		{266C270C-0A36-4765-ABA4-F40F6AC61966}.Debug|Any CPU.ActiveCfg = Debug|Any CPU
		{266C270C-0A36-4765-ABA4-F40F6AC61966}.Debug|Any CPU.Build.0 = Debug|Any CPU
		{266C270C-0A36-4765-ABA4-F40F6AC61966}.Release|Any CPU.ActiveCfg = Release|Any CPU
		{266C270C-0A36-4765-ABA4-F40F6AC61966}.Release|Any CPU.Build.0 = Release|Any CPU
		{979FAD97-9F56-4888-B72F-7F342A784616}.Debug|Any CPU.ActiveCfg = Debug|Any CPU
		{979FAD97-9F56-4888-B72F-7F342A784616}.Debug|Any CPU.Build.0 = Debug|Any CPU
		{979FAD97-9F56-4888-B72F-7F342A784616}.Release|Any CPU.ActiveCfg = Release|Any CPU
		{979FAD97-9F56-4888-B72F-7F342A784616}.Release|Any CPU.Build.0 = Release|Any CPU
		{1F9EEA9F-74EB-4B1B-BF7E-C847B1F3BF92}.Debug|Any CPU.ActiveCfg = Debug|Any CPU
		{1F9EEA9F-74EB-4B1B-BF7E-C847B1F3BF92}.Debug|Any CPU.Build.0 = Debug|Any CPU
		{1F9EEA9F-74EB-4B1B-BF7E-C847B1F3BF92}.Release|Any CPU.ActiveCfg = Release|Any CPU
		{1F9EEA9F-74EB-4B1B-BF7E-C847B1F3BF92}.Release|Any CPU.Build.0 = Release|Any CPU
		{AFF14679-46F7-45BD-892D-F881BB5A0AA8}.Debug|Any CPU.ActiveCfg = Debug|Any CPU
		{AFF14679-46F7-45BD-892D-F881BB5A0AA8}.Debug|Any CPU.Build.0 = Debug|Any CPU
		{AFF14679-46F7-45BD-892D-F881BB5A0AA8}.Release|Any CPU.ActiveCfg = Release|Any CPU
		{AFF14679-46F7-45BD-892D-F881BB5A0AA8}.Release|Any CPU.Build.0 = Release|Any CPU
		{A658F69D-3732-4ABB-984B-669495B167E9}.Debug|Any CPU.ActiveCfg = Debug|Any CPU
		{A658F69D-3732-4ABB-984B-669495B167E9}.Debug|Any CPU.Build.0 = Debug|Any CPU
		{A658F69D-3732-4ABB-984B-669495B167E9}.Release|Any CPU.ActiveCfg = Release|Any CPU
		{A658F69D-3732-4ABB-984B-669495B167E9}.Release|Any CPU.Build.0 = Release|Any CPU
		{88784C0D-3352-46A9-BD79-6F7400DC0DA5}.Debug|Any CPU.ActiveCfg = Debug|Any CPU
		{88784C0D-3352-46A9-BD79-6F7400DC0DA5}.Debug|Any CPU.Build.0 = Debug|Any CPU
		{88784C0D-3352-46A9-BD79-6F7400DC0DA5}.Release|Any CPU.ActiveCfg = Release|Any CPU
		{88784C0D-3352-46A9-BD79-6F7400DC0DA5}.Release|Any CPU.Build.0 = Release|Any CPU
		{1D3C44DA-B361-4242-A86E-E04006AA3C58}.Debug|Any CPU.ActiveCfg = Debug|Any CPU
		{1D3C44DA-B361-4242-A86E-E04006AA3C58}.Debug|Any CPU.Build.0 = Debug|Any CPU
		{1D3C44DA-B361-4242-A86E-E04006AA3C58}.Release|Any CPU.ActiveCfg = Release|Any CPU
		{1D3C44DA-B361-4242-A86E-E04006AA3C58}.Release|Any CPU.Build.0 = Release|Any CPU
		{C16059C8-7FF7-4196-9D9D-A60103EF19B7}.Debug|Any CPU.ActiveCfg = Debug|Any CPU
		{C16059C8-7FF7-4196-9D9D-A60103EF19B7}.Debug|Any CPU.Build.0 = Debug|Any CPU
		{C16059C8-7FF7-4196-9D9D-A60103EF19B7}.Release|Any CPU.ActiveCfg = Release|Any CPU
		{C16059C8-7FF7-4196-9D9D-A60103EF19B7}.Release|Any CPU.Build.0 = Release|Any CPU
		{2D92C5F4-EBC6-444C-B4F5-35BF511055BC}.Debug|Any CPU.ActiveCfg = Debug|Any CPU
		{2D92C5F4-EBC6-444C-B4F5-35BF511055BC}.Debug|Any CPU.Build.0 = Debug|Any CPU
		{2D92C5F4-EBC6-444C-B4F5-35BF511055BC}.Release|Any CPU.ActiveCfg = Release|Any CPU
		{2D92C5F4-EBC6-444C-B4F5-35BF511055BC}.Release|Any CPU.Build.0 = Release|Any CPU
		{762EA2FA-3F9A-439A-922D-CDBD987AAEAC}.Debug|Any CPU.ActiveCfg = Debug|Any CPU
		{762EA2FA-3F9A-439A-922D-CDBD987AAEAC}.Debug|Any CPU.Build.0 = Debug|Any CPU
		{762EA2FA-3F9A-439A-922D-CDBD987AAEAC}.Release|Any CPU.ActiveCfg = Release|Any CPU
		{762EA2FA-3F9A-439A-922D-CDBD987AAEAC}.Release|Any CPU.Build.0 = Release|Any CPU
		{E28CB996-430A-410E-86DF-B30F026D5C16}.Debug|Any CPU.ActiveCfg = Debug|Any CPU
		{E28CB996-430A-410E-86DF-B30F026D5C16}.Debug|Any CPU.Build.0 = Debug|Any CPU
		{E28CB996-430A-410E-86DF-B30F026D5C16}.Release|Any CPU.ActiveCfg = Release|Any CPU
		{E28CB996-430A-410E-86DF-B30F026D5C16}.Release|Any CPU.Build.0 = Release|Any CPU
	EndGlobalSection
	GlobalSection(SolutionProperties) = preSolution
		HideSolutionNode = FALSE
	EndGlobalSection
	GlobalSection(NestedProjects) = preSolution
		{23BBFED4-8ED1-438D-A168-2378CF85FE6F} = {8CE69FEB-C50A-4978-8306-8A1B2BDDEA6E}
		{25295A74-A179-4B60-83ED-6B306DE84158} = {23BBFED4-8ED1-438D-A168-2378CF85FE6F}
		{BF6F0E4D-CC21-45BA-8FE6-765AF7333EC0} = {23BBFED4-8ED1-438D-A168-2378CF85FE6F}
		{D46BA32F-8D4B-4704-9EAF-6688A905ECD8} = {8CE69FEB-C50A-4978-8306-8A1B2BDDEA6E}
		{CC982F59-4E26-4FFC-8723-689C42067D97} = {D46BA32F-8D4B-4704-9EAF-6688A905ECD8}
		{53571906-9708-4D6D-A640-A80B3631D057} = {D46BA32F-8D4B-4704-9EAF-6688A905ECD8}
		{8E7D1364-6A69-4A67-A75F-B930333ED693} = {7F2440C4-6384-406D-8AF9-CE3D62F8DE0D}
		{3794FBD0-3068-4344-9B79-2BEFFB00AEA0} = {8E7D1364-6A69-4A67-A75F-B930333ED693}
		{266C270C-0A36-4765-ABA4-F40F6AC61966} = {8E7D1364-6A69-4A67-A75F-B930333ED693}
		{979FAD97-9F56-4888-B72F-7F342A784616} = {7F2440C4-6384-406D-8AF9-CE3D62F8DE0D}
		{1F9EEA9F-74EB-4B1B-BF7E-C847B1F3BF92} = {7F2440C4-6384-406D-8AF9-CE3D62F8DE0D}
		{AFF14679-46F7-45BD-892D-F881BB5A0AA8} = {7F2440C4-6384-406D-8AF9-CE3D62F8DE0D}
		{A658F69D-3732-4ABB-984B-669495B167E9} = {7F2440C4-6384-406D-8AF9-CE3D62F8DE0D}
		{436D7243-5569-4C62-923A-E2F67FA2B5F5} = {0EB29E4D-FD01-4EBB-A729-36441D4559E6}
		{88784C0D-3352-46A9-BD79-6F7400DC0DA5} = {436D7243-5569-4C62-923A-E2F67FA2B5F5}
		{1D3C44DA-B361-4242-A86E-E04006AA3C58} = {0EB29E4D-FD01-4EBB-A729-36441D4559E6}
		{C16059C8-7FF7-4196-9D9D-A60103EF19B7} = {0EB29E4D-FD01-4EBB-A729-36441D4559E6}
		{2D92C5F4-EBC6-444C-B4F5-35BF511055BC} = {0EB29E4D-FD01-4EBB-A729-36441D4559E6}
		{762EA2FA-3F9A-439A-922D-CDBD987AAEAC} = {0EB29E4D-FD01-4EBB-A729-36441D4559E6}
		{E28CB996-430A-410E-86DF-B30F026D5C16} = {47ACD919-E31D-407B-84F3-27B15F4E8BC5}
	EndGlobalSection
	GlobalSection(ExtensibilityGlobals) = postSolution
		SolutionGuid = {3CEB67B6-6C53-4F91-8585-DA4DC84C13B4}
	EndGlobalSection
EndGlobal
